
Microsoft Visual Studio Solution File, Format Version 12.00
# Visual Studio 2012
Project("{FAE04EC0-301F-11D3-BF4B-00C04F79EFBC}") = "SocketExemple2", "SocketExemple2\SocketExemple2.csproj", "{334A5EE4-F126-4267-97ED-E4D69CC80FF0}"
EndProject
Global
	GlobalSection(SolutionConfigurationPlatforms) = preSolution
		Debug|Any CPU = Debug|Any CPU
		Release|Any CPU = Release|Any CPU
	EndGlobalSection
	GlobalSection(ProjectConfigurationPlatforms) = postSolution
		{334A5EE4-F126-4267-97ED-E4D69CC80FF0}.Debug|Any CPU.ActiveCfg = Debug|Any CPU
		{334A5EE4-F126-4267-97ED-E4D69CC80FF0}.Debug|Any CPU.Build.0 = Debug|Any CPU
		{334A5EE4-F126-4267-97ED-E4D69CC80FF0}.Release|Any CPU.ActiveCfg = Release|Any CPU
		{334A5EE4-F126-4267-97ED-E4D69CC80FF0}.Release|Any CPU.Build.0 = Release|Any CPU
	EndGlobalSection
EndGlobal
